// !$*UTF8*$!
{
	archiveVersion = 1;
	classes = {
	};
	objectVersion = 50;
	objects = {

/* Begin PBXBuildFile section */
		667A5185256EA81800B60C54 /* AppDelegate.swift in Sources */ = {isa = PBXBuildFile; fileRef = 667A5184256EA81800B60C54 /* AppDelegate.swift */; };
		667A5187256EA81800B60C54 /* SceneDelegate.swift in Sources */ = {isa = PBXBuildFile; fileRef = 667A5186256EA81800B60C54 /* SceneDelegate.swift */; };
		667A518C256EA81800B60C54 /* Main.storyboard in Resources */ = {isa = PBXBuildFile; fileRef = 667A518A256EA81800B60C54 /* Main.storyboard */; };
		667A518E256EA81D00B60C54 /* Assets.xcassets in Resources */ = {isa = PBXBuildFile; fileRef = 667A518D256EA81D00B60C54 /* Assets.xcassets */; };
		667A5191256EA81D00B60C54 /* LaunchScreen.storyboard in Resources */ = {isa = PBXBuildFile; fileRef = 667A518F256EA81D00B60C54 /* LaunchScreen.storyboard */; };
		667A519F256EABD500B60C54 /* OrdersTableViewController.swift in Sources */ = {isa = PBXBuildFile; fileRef = 667A519E256EABD500B60C54 /* OrdersTableViewController.swift */; };
		667A51A2256EAC1900B60C54 /* AddOrderViewController.swift in Sources */ = {isa = PBXBuildFile; fileRef = 667A51A1256EAC1900B60C54 /* AddOrderViewController.swift */; };
		667A51A6256EB27E00B60C54 /* WebService.swift in Sources */ = {isa = PBXBuildFile; fileRef = 667A51A5256EB27E00B60C54 /* WebService.swift */; };
		667A51AB256EBA8600B60C54 /* Order.swift in Sources */ = {isa = PBXBuildFile; fileRef = 667A51AA256EBA8600B60C54 /* Order.swift */; };
		667A51B0256EC23700B60C54 /* OrderViewModel.swift in Sources */ = {isa = PBXBuildFile; fileRef = 667A51AF256EC23700B60C54 /* OrderViewModel.swift */; };
		667A51B3256ECB6C00B60C54 /* AddCoffeeOrderViewModel.swift in Sources */ = {isa = PBXBuildFile; fileRef = 667A51B2256ECB6C00B60C54 /* AddCoffeeOrderViewModel.swift */; };
/* End PBXBuildFile section */

/* Begin PBXFileReference section */
		667A5181256EA81800B60C54 /* CoffeOrderApp-MVVM.app */ = {isa = PBXFileReference; explicitFileType = wrapper.application; includeInIndex = 0; path = "CoffeOrderApp-MVVM.app"; sourceTree = BUILT_PRODUCTS_DIR; };
		667A5184256EA81800B60C54 /* AppDelegate.swift */ = {isa = PBXFileReference; lastKnownFileType = sourcecode.swift; path = AppDelegate.swift; sourceTree = "<group>"; };
		667A5186256EA81800B60C54 /* SceneDelegate.swift */ = {isa = PBXFileReference; lastKnownFileType = sourcecode.swift; path = SceneDelegate.swift; sourceTree = "<group>"; };
		667A518B256EA81800B60C54 /* Base */ = {isa = PBXFileReference; lastKnownFileType = file.storyboard; name = Base; path = Base.lproj/Main.storyboard; sourceTree = "<group>"; };
		667A518D256EA81D00B60C54 /* Assets.xcassets */ = {isa = PBXFileReference; lastKnownFileType = folder.assetcatalog; path = Assets.xcassets; sourceTree = "<group>"; };
		667A5190256EA81D00B60C54 /* Base */ = {isa = PBXFileReference; lastKnownFileType = file.storyboard; name = Base; path = Base.lproj/LaunchScreen.storyboard; sourceTree = "<group>"; };
		667A5192256EA81D00B60C54 /* Info.plist */ = {isa = PBXFileReference; lastKnownFileType = text.plist.xml; path = Info.plist; sourceTree = "<group>"; };
		667A519E256EABD500B60C54 /* OrdersTableViewController.swift */ = {isa = PBXFileReference; lastKnownFileType = sourcecode.swift; path = OrdersTableViewController.swift; sourceTree = "<group>"; };
		667A51A1256EAC1900B60C54 /* AddOrderViewController.swift */ = {isa = PBXFileReference; lastKnownFileType = sourcecode.swift; path = AddOrderViewController.swift; sourceTree = "<group>"; };
		667A51A5256EB27E00B60C54 /* WebService.swift */ = {isa = PBXFileReference; lastKnownFileType = sourcecode.swift; path = WebService.swift; sourceTree = "<group>"; };
		667A51AA256EBA8600B60C54 /* Order.swift */ = {isa = PBXFileReference; lastKnownFileType = sourcecode.swift; path = Order.swift; sourceTree = "<group>"; };
		667A51AF256EC23700B60C54 /* OrderViewModel.swift */ = {isa = PBXFileReference; lastKnownFileType = sourcecode.swift; path = OrderViewModel.swift; sourceTree = "<group>"; };
		667A51B2256ECB6C00B60C54 /* AddCoffeeOrderViewModel.swift */ = {isa = PBXFileReference; lastKnownFileType = sourcecode.swift; path = AddCoffeeOrderViewModel.swift; sourceTree = "<group>"; };
/* End PBXFileReference section */

/* Begin PBXFrameworksBuildPhase section */
		667A517E256EA81800B60C54 /* Frameworks */ = {
			isa = PBXFrameworksBuildPhase;
			buildActionMask = 2147483647;
			files = (
			);
			runOnlyForDeploymentPostprocessing = 0;
		};
/* End PBXFrameworksBuildPhase section */

/* Begin PBXGroup section */
		667A5178256EA81800B60C54 = {
			isa = PBXGroup;
			children = (
				667A5183256EA81800B60C54 /* CoffeOrderApp-MVVM */,
				667A5182256EA81800B60C54 /* Products */,
			);
			sourceTree = "<group>";
		};
		667A5182256EA81800B60C54 /* Products */ = {
			isa = PBXGroup;
			children = (
				667A5181256EA81800B60C54 /* CoffeOrderApp-MVVM.app */,
			);
			name = Products;
			sourceTree = "<group>";
		};
		667A5183256EA81800B60C54 /* CoffeOrderApp-MVVM */ = {
			isa = PBXGroup;
			children = (
				667A51AE256EC22A00B60C54 /* View Models */,
				667A51A9256EBA7400B60C54 /* Models */,
				667A51A4256EB26E00B60C54 /* Services */,
				667A519A256EA87100B60C54 /* Controllers */,
				667A519C256EA88500B60C54 /* Supporting Files */,
				667A518A256EA81800B60C54 /* Main.storyboard */,
				667A5192256EA81D00B60C54 /* Info.plist */,
			);
			path = "CoffeOrderApp-MVVM";
			sourceTree = "<group>";
		};
		667A519A256EA87100B60C54 /* Controllers */ = {
			isa = PBXGroup;
			children = (
				667A519E256EABD500B60C54 /* OrdersTableViewController.swift */,
				667A51A1256EAC1900B60C54 /* AddOrderViewController.swift */,
			);
			path = Controllers;
			sourceTree = "<group>";
		};
		667A519C256EA88500B60C54 /* Supporting Files */ = {
			isa = PBXGroup;
			children = (
				667A5184256EA81800B60C54 /* AppDelegate.swift */,
				667A5186256EA81800B60C54 /* SceneDelegate.swift */,
				667A518D256EA81D00B60C54 /* Assets.xcassets */,
				667A518F256EA81D00B60C54 /* LaunchScreen.storyboard */,
			);
			path = "Supporting Files";
			sourceTree = "<group>";
		};
		667A51A4256EB26E00B60C54 /* Services */ = {
			isa = PBXGroup;
			children = (
				667A51A5256EB27E00B60C54 /* WebService.swift */,
			);
			path = Services;
			sourceTree = "<group>";
		};
		667A51A9256EBA7400B60C54 /* Models */ = {
			isa = PBXGroup;
			children = (
				667A51AA256EBA8600B60C54 /* Order.swift */,
			);
			path = Models;
			sourceTree = "<group>";
		};
		667A51AE256EC22A00B60C54 /* View Models */ = {
			isa = PBXGroup;
			children = (
				667A51AF256EC23700B60C54 /* OrderViewModel.swift */,
				667A51B2256ECB6C00B60C54 /* AddCoffeeOrderViewModel.swift */,
			);
			path = "View Models";
			sourceTree = "<group>";
		};
/* End PBXGroup section */

/* Begin PBXNativeTarget section */
		667A5180256EA81800B60C54 /* CoffeOrderApp-MVVM */ = {
			isa = PBXNativeTarget;
			buildConfigurationList = 667A5195256EA81D00B60C54 /* Build configuration list for PBXNativeTarget "CoffeOrderApp-MVVM" */;
			buildPhases = (
				667A517D256EA81800B60C54 /* Sources */,
				667A517E256EA81800B60C54 /* Frameworks */,
				667A517F256EA81800B60C54 /* Resources */,
			);
			buildRules = (
			);
			dependencies = (
			);
			name = "CoffeOrderApp-MVVM";
			productName = "CoffeOrderApp-MVVM";
			productReference = 667A5181256EA81800B60C54 /* CoffeOrderApp-MVVM.app */;
			productType = "com.apple.product-type.application";
		};
/* End PBXNativeTarget section */

/* Begin PBXProject section */
		667A5179256EA81800B60C54 /* Project object */ = {
			isa = PBXProject;
			attributes = {
				LastSwiftUpdateCheck = 1220;
				LastUpgradeCheck = 1220;
				TargetAttributes = {
					667A5180256EA81800B60C54 = {
						CreatedOnToolsVersion = 12.2;
					};
				};
			};
			buildConfigurationList = 667A517C256EA81800B60C54 /* Build configuration list for PBXProject "CoffeOrderApp-MVVM" */;
			compatibilityVersion = "Xcode 9.3";
			developmentRegion = en;
			hasScannedForEncodings = 0;
			knownRegions = (
				en,
				Base,
			);
			mainGroup = 667A5178256EA81800B60C54;
			productRefGroup = 667A5182256EA81800B60C54 /* Products */;
			projectDirPath = "";
			projectRoot = "";
			targets = (
				667A5180256EA81800B60C54 /* CoffeOrderApp-MVVM */,
			);
		};
/* End PBXProject section */

/* Begin PBXResourcesBuildPhase section */
		667A517F256EA81800B60C54 /* Resources */ = {
			isa = PBXResourcesBuildPhase;
			buildActionMask = 2147483647;
			files = (
				667A5191256EA81D00B60C54 /* LaunchScreen.storyboard in Resources */,
				667A518E256EA81D00B60C54 /* Assets.xcassets in Resources */,
				667A518C256EA81800B60C54 /* Main.storyboard in Resources */,
			);
			runOnlyForDeploymentPostprocessing = 0;
		};
/* End PBXResourcesBuildPhase section */

/* Begin PBXSourcesBuildPhase section */
		667A517D256EA81800B60C54 /* Sources */ = {
			isa = PBXSourcesBuildPhase;
			buildActionMask = 2147483647;
			files = (
				667A51AB256EBA8600B60C54 /* Order.swift in Sources */,
				667A51B3256ECB6C00B60C54 /* AddCoffeeOrderViewModel.swift in Sources */,
				667A5185256EA81800B60C54 /* AppDelegate.swift in Sources */,
				667A5187256EA81800B60C54 /* SceneDelegate.swift in Sources */,
				667A519F256EABD500B60C54 /* OrdersTableViewController.swift in Sources */,
				667A51A6256EB27E00B60C54 /* WebService.swift in Sources */,
				667A51B0256EC23700B60C54 /* OrderViewModel.swift in Sources */,
				667A51A2256EAC1900B60C54 /* AddOrderViewController.swift in Sources */,
			);
			runOnlyForDeploymentPostprocessing = 0;
		};
/* End PBXSourcesBuildPhase section */

/* Begin PBXVariantGroup section */
		667A518A256EA81800B60C54 /* Main.storyboard */ = {
			isa = PBXVariantGroup;
			children = (
				667A518B256EA81800B60C54 /* Base */,
			);
			name = Main.storyboard;
			sourceTree = "<group>";
		};
		667A518F256EA81D00B60C54 /* LaunchScreen.storyboard */ = {
			isa = PBXVariantGroup;
			children = (
				667A5190256EA81D00B60C54 /* Base */,
			);
			name = LaunchScreen.storyboard;
			sourceTree = "<group>";
		};
/* End PBXVariantGroup section */

/* Begin XCBuildConfiguration section */
		667A5193256EA81D00B60C54 /* Debug */ = {
			isa = XCBuildConfiguration;
			buildSettings = {
				ALWAYS_SEARCH_USER_PATHS = NO;
				CLANG_ANALYZER_NONNULL = YES;
				CLANG_ANALYZER_NUMBER_OBJECT_CONVERSION = YES_AGGRESSIVE;
				CLANG_CXX_LANGUAGE_STANDARD = "gnu++14";
				CLANG_CXX_LIBRARY = "libc++";
				CLANG_ENABLE_MODULES = YES;
				CLANG_ENABLE_OBJC_ARC = YES;
				CLANG_ENABLE_OBJC_WEAK = YES;
				CLANG_WARN_BLOCK_CAPTURE_AUTORELEASING = YES;
				CLANG_WARN_BOOL_CONVERSION = YES;
				CLANG_WARN_COMMA = YES;
				CLANG_WARN_CONSTANT_CONVERSION = YES;
				CLANG_WARN_DEPRECATED_OBJC_IMPLEMENTATIONS = YES;
				CLANG_WARN_DIRECT_OBJC_ISA_USAGE = YES_ERROR;
				CLANG_WARN_DOCUMENTATION_COMMENTS = YES;
				CLANG_WARN_EMPTY_BODY = YES;
				CLANG_WARN_ENUM_CONVERSION = YES;
				CLANG_WARN_INFINITE_RECURSION = YES;
				CLANG_WARN_INT_CONVERSION = YES;
				CLANG_WARN_NON_LITERAL_NULL_CONVERSION = YES;
				CLANG_WARN_OBJC_IMPLICIT_RETAIN_SELF = YES;
				CLANG_WARN_OBJC_LITERAL_CONVERSION = YES;
				CLANG_WARN_OBJC_ROOT_CLASS = YES_ERROR;
				CLANG_WARN_QUOTED_INCLUDE_IN_FRAMEWORK_HEADER = YES;
				CLANG_WARN_RANGE_LOOP_ANALYSIS = YES;
				CLANG_WARN_STRICT_PROTOTYPES = YES;
				CLANG_WARN_SUSPICIOUS_MOVE = YES;
				CLANG_WARN_UNGUARDED_AVAILABILITY = YES_AGGRESSIVE;
				CLANG_WARN_UNREACHABLE_CODE = YES;
				CLANG_WARN__DUPLICATE_METHOD_MATCH = YES;
				COPY_PHASE_STRIP = NO;
				DEBUG_INFORMATION_FORMAT = dwarf;
				ENABLE_STRICT_OBJC_MSGSEND = YES;
				ENABLE_TESTABILITY = YES;
				GCC_C_LANGUAGE_STANDARD = gnu11;
				GCC_DYNAMIC_NO_PIC = NO;
				GCC_NO_COMMON_BLOCKS = YES;
				GCC_OPTIMIZATION_LEVEL = 0;
				GCC_PREPROCESSOR_DEFINITIONS = (
					"DEBUG=1",
					"$(inherited)",
				);
				GCC_WARN_64_TO_32_BIT_CONVERSION = YES;
				GCC_WARN_ABOUT_RETURN_TYPE = YES_ERROR;
				GCC_WARN_UNDECLARED_SELECTOR = YES;
				GCC_WARN_UNINITIALIZED_AUTOS = YES_AGGRESSIVE;
				GCC_WARN_UNUSED_FUNCTION = YES;
				GCC_WARN_UNUSED_VARIABLE = YES;
				IPHONEOS_DEPLOYMENT_TARGET = 14.2;
				MTL_ENABLE_DEBUG_INFO = INCLUDE_SOURCE;
				MTL_FAST_MATH = YES;
				ONLY_ACTIVE_ARCH = YES;
				SDKROOT = iphoneos;
				SWIFT_ACTIVE_COMPILATION_CONDITIONS = DEBUG;
				SWIFT_OPTIMIZATION_LEVEL = "-Onone";
			};
			name = Debug;
		};
		667A5194256EA81D00B60C54 /* Release */ = {
			isa = XCBuildConfiguration;
			buildSettings = {
				ALWAYS_SEARCH_USER_PATHS = NO;
				CLANG_ANALYZER_NONNULL = YES;
				CLANG_ANALYZER_NUMBER_OBJECT_CONVERSION = YES_AGGRESSIVE;
				CLANG_CXX_LANGUAGE_STANDARD = "gnu++14";
				CLANG_CXX_LIBRARY = "libc++";
				CLANG_ENABLE_MODULES = YES;
				CLANG_ENABLE_OBJC_ARC = YES;
				CLANG_ENABLE_OBJC_WEAK = YES;
				CLANG_WARN_BLOCK_CAPTURE_AUTORELEASING = YES;
				CLANG_WARN_BOOL_CONVERSION = YES;
				CLANG_WARN_COMMA = YES;
				CLANG_WARN_CONSTANT_CONVERSION = YES;
				CLANG_WARN_DEPRECATED_OBJC_IMPLEMENTATIONS = YES;
				CLANG_WARN_DIRECT_OBJC_ISA_USAGE = YES_ERROR;
				CLANG_WARN_DOCUMENTATION_COMMENTS = YES;
				CLANG_WARN_EMPTY_BODY = YES;
				CLANG_WARN_ENUM_CONVERSION = YES;
				CLANG_WARN_INFINITE_RECURSION = YES;
				CLANG_WARN_INT_CONVERSION = YES;
				CLANG_WARN_NON_LITERAL_NULL_CONVERSION = YES;
				CLANG_WARN_OBJC_IMPLICIT_RETAIN_SELF = YES;
				CLANG_WARN_OBJC_LITERAL_CONVERSION = YES;
				CLANG_WARN_OBJC_ROOT_CLASS = YES_ERROR;
				CLANG_WARN_QUOTED_INCLUDE_IN_FRAMEWORK_HEADER = YES;
				CLANG_WARN_RANGE_LOOP_ANALYSIS = YES;
				CLANG_WARN_STRICT_PROTOTYPES = YES;
				CLANG_WARN_SUSPICIOUS_MOVE = YES;
				CLANG_WARN_UNGUARDED_AVAILABILITY = YES_AGGRESSIVE;
				CLANG_WARN_UNREACHABLE_CODE = YES;
				CLANG_WARN__DUPLICATE_METHOD_MATCH = YES;
				COPY_PHASE_STRIP = NO;
				DEBUG_INFORMATION_FORMAT = "dwarf-with-dsym";
				ENABLE_NS_ASSERTIONS = NO;
				ENABLE_STRICT_OBJC_MSGSEND = YES;
				GCC_C_LANGUAGE_STANDARD = gnu11;
				GCC_NO_COMMON_BLOCKS = YES;
				GCC_WARN_64_TO_32_BIT_CONVERSION = YES;
				GCC_WARN_ABOUT_RETURN_TYPE = YES_ERROR;
				GCC_WARN_UNDECLARED_SELECTOR = YES;
				GCC_WARN_UNINITIALIZED_AUTOS = YES_AGGRESSIVE;
				GCC_WARN_UNUSED_FUNCTION = YES;
				GCC_WARN_UNUSED_VARIABLE = YES;
				IPHONEOS_DEPLOYMENT_TARGET = 14.2;
				MTL_ENABLE_DEBUG_INFO = NO;
				MTL_FAST_MATH = YES;
				SDKROOT = iphoneos;
				SWIFT_COMPILATION_MODE = wholemodule;
				SWIFT_OPTIMIZATION_LEVEL = "-O";
				VALIDATE_PRODUCT = YES;
			};
			name = Release;
		};
		667A5196256EA81D00B60C54 /* Debug */ = {
			isa = XCBuildConfiguration;
			buildSettings = {
				ASSETCATALOG_COMPILER_APPICON_NAME = AppIcon;
				ASSETCATALOG_COMPILER_GLOBAL_ACCENT_COLOR_NAME = AccentColor;
				CODE_SIGN_STYLE = Automatic;
				INFOPLIST_FILE = "CoffeOrderApp-MVVM/Info.plist";
				LD_RUNPATH_SEARCH_PATHS = (
					"$(inherited)",
					"@executable_path/Frameworks",
				);
				PRODUCT_BUNDLE_IDENTIFIER = "com.cawisozidako.CoffeOrderApp-MVVM";
				PRODUCT_NAME = "$(TARGET_NAME)";
				SWIFT_VERSION = 5.0;
				TARGETED_DEVICE_FAMILY = "1,2";
			};
			name = Debug;
		};
		667A5197256EA81D00B60C54 /* Release */ = {
			isa = XCBuildConfiguration;
			buildSettings = {
				ASSETCATALOG_COMPILER_APPICON_NAME = AppIcon;
				ASSETCATALOG_COMPILER_GLOBAL_ACCENT_COLOR_NAME = AccentColor;
				CODE_SIGN_STYLE = Automatic;
				INFOPLIST_FILE = "CoffeOrderApp-MVVM/Info.plist";
				LD_RUNPATH_SEARCH_PATHS = (
					"$(inherited)",
					"@executable_path/Frameworks",
				);
				PRODUCT_BUNDLE_IDENTIFIER = "com.cawisozidako.CoffeOrderApp-MVVM";
				PRODUCT_NAME = "$(TARGET_NAME)";
				SWIFT_VERSION = 5.0;
				TARGETED_DEVICE_FAMILY = "1,2";
			};
			name = Release;
		};
/* End XCBuildConfiguration section */

/* Begin XCConfigurationList section */
		667A517C256EA81800B60C54 /* Build configuration list for PBXProject "CoffeOrderApp-MVVM" */ = {
			isa = XCConfigurationList;
			buildConfigurations = (
				667A5193256EA81D00B60C54 /* Debug */,
				667A5194256EA81D00B60C54 /* Release */,
			);
			defaultConfigurationIsVisible = 0;
			defaultConfigurationName = Release;
		};
		667A5195256EA81D00B60C54 /* Build configuration list for PBXNativeTarget "CoffeOrderApp-MVVM" */ = {
			isa = XCConfigurationList;
			buildConfigurations = (
				667A5196256EA81D00B60C54 /* Debug */,
				667A5197256EA81D00B60C54 /* Release */,
			);
			defaultConfigurationIsVisible = 0;
			defaultConfigurationName = Release;
		};
/* End XCConfigurationList section */
	};
	rootObject = 667A5179256EA81800B60C54 /* Project object */;
}
